
Microsoft Visual Studio Solution File, Format Version 12.00
# Visual Studio 14
VisualStudioVersion = 14.0.25420.1
MinimumVisualStudioVersion = 10.0.40219.1
Project("{FAE04EC0-301F-11D3-BF4B-00C04F79EFBC}") = "Project.DAL", "DAL\Project.DAL.csproj", "{A3846063-BC2B-4FE6-A58F-09BA0F0DDD39}"
EndProject
Project("{FAE04EC0-301F-11D3-BF4B-00C04F79EFBC}") = "Project.MVC.WebAPI", "..\Project.MVC.WebAPI\Project.MVC.WebAPI.csproj", "{E00E39CF-7CDE-4685-A2C2-E65F44028E91}"
EndProject
Project("{FAE04EC0-301F-11D3-BF4B-00C04F79EFBC}") = "Project.MVC.Tests.WebAPI.Tests", "Project.MVC.Tests.WebAPI.Tests\Project.MVC.Tests.WebAPI.Tests.csproj", "{9D80B395-7F36-42D1-98AF-D27ADF89AB44}"
EndProject
Project("{FAE04EC0-301F-11D3-BF4B-00C04F79EFBC}") = "Project.DAL.Common", "..\Project.DAL.Common\Project.DAL.Common.csproj", "{E3B379BD-5ACF-423D-AA89-D1C97208580B}"
EndProject
Global
	GlobalSection(SolutionConfigurationPlatforms) = preSolution
		Debug|Any CPU = Debug|Any CPU
		Release|Any CPU = Release|Any CPU
	EndGlobalSection
	GlobalSection(ProjectConfigurationPlatforms) = postSolution
		{A3846063-BC2B-4FE6-A58F-09BA0F0DDD39}.Debug|Any CPU.ActiveCfg = Debug|Any CPU
		{A3846063-BC2B-4FE6-A58F-09BA0F0DDD39}.Debug|Any CPU.Build.0 = Debug|Any CPU
		{A3846063-BC2B-4FE6-A58F-09BA0F0DDD39}.Release|Any CPU.ActiveCfg = Release|Any CPU
		{A3846063-BC2B-4FE6-A58F-09BA0F0DDD39}.Release|Any CPU.Build.0 = Release|Any CPU
		{E00E39CF-7CDE-4685-A2C2-E65F44028E91}.Debug|Any CPU.ActiveCfg = Debug|Any CPU
		{E00E39CF-7CDE-4685-A2C2-E65F44028E91}.Debug|Any CPU.Build.0 = Debug|Any CPU
		{E00E39CF-7CDE-4685-A2C2-E65F44028E91}.Release|Any CPU.ActiveCfg = Release|Any CPU
		{E00E39CF-7CDE-4685-A2C2-E65F44028E91}.Release|Any CPU.Build.0 = Release|Any CPU
		{9D80B395-7F36-42D1-98AF-D27ADF89AB44}.Debug|Any CPU.ActiveCfg = Debug|Any CPU
		{9D80B395-7F36-42D1-98AF-D27ADF89AB44}.Debug|Any CPU.Build.0 = Debug|Any CPU
		{9D80B395-7F36-42D1-98AF-D27ADF89AB44}.Release|Any CPU.ActiveCfg = Release|Any CPU
		{9D80B395-7F36-42D1-98AF-D27ADF89AB44}.Release|Any CPU.Build.0 = Release|Any CPU
		{E3B379BD-5ACF-423D-AA89-D1C97208580B}.Debug|Any CPU.ActiveCfg = Debug|Any CPU
		{E3B379BD-5ACF-423D-AA89-D1C97208580B}.Debug|Any CPU.Build.0 = Debug|Any CPU
		{E3B379BD-5ACF-423D-AA89-D1C97208580B}.Release|Any CPU.ActiveCfg = Release|Any CPU
		{E3B379BD-5ACF-423D-AA89-D1C97208580B}.Release|Any CPU.Build.0 = Release|Any CPU
	EndGlobalSection
	GlobalSection(SolutionProperties) = preSolution
		HideSolutionNode = FALSE
	EndGlobalSection
EndGlobal
